
Microsoft Visual Studio Solution File, Format Version 12.00
# Visual Studio 15
VisualStudioVersion = 15.0.27428.2037
MinimumVisualStudioVersion = 10.0.40219.1
Project("{FAE04EC0-301F-11D3-BF4B-00C04F79EFBC}") = "Images_app.Android", "Images_app\Images_app.Android\Images_app.Android.csproj", "{F9A50E53-12A8-4531-83EE-9200804BE11E}"
EndProject
Project("{FAE04EC0-301F-11D3-BF4B-00C04F79EFBC}") = "Images_app.iOS", "Images_app\Images_app.iOS\Images_app.iOS.csproj", "{0E360812-DCE8-418A-BA26-D0C9CCD7F2DF}"
EndProject
Project("{FAE04EC0-301F-11D3-BF4B-00C04F79EFBC}") = "Images_app", "Images_app\Images_app\Images_app.csproj", "{E5959827-F878-4835-9F6C-7E1F42152DE8}"
EndProject
Global
	GlobalSection(SolutionConfigurationPlatforms) = preSolution
		Ad-Hoc|Any CPU = Ad-Hoc|Any CPU
		Ad-Hoc|iPhone = Ad-Hoc|iPhone
		Ad-Hoc|iPhoneSimulator = Ad-Hoc|iPhoneSimulator
		AppStore|Any CPU = AppStore|Any CPU
		AppStore|iPhone = AppStore|iPhone
		AppStore|iPhoneSimulator = AppStore|iPhoneSimulator
		Debug|Any CPU = Debug|Any CPU
		Debug|iPhone = Debug|iPhone
		Debug|iPhoneSimulator = Debug|iPhoneSimulator
		Release|Any CPU = Release|Any CPU
		Release|iPhone = Release|iPhone
		Release|iPhoneSimulator = Release|iPhoneSimulator
	EndGlobalSection
	GlobalSection(ProjectConfigurationPlatforms) = postSolution
		{F9A50E53-12A8-4531-83EE-9200804BE11E}.Ad-Hoc|Any CPU.ActiveCfg = Release|Any CPU
		{F9A50E53-12A8-4531-83EE-9200804BE11E}.Ad-Hoc|Any CPU.Build.0 = Release|Any CPU
		{F9A50E53-12A8-4531-83EE-9200804BE11E}.Ad-Hoc|Any CPU.Deploy.0 = Release|Any CPU
		{F9A50E53-12A8-4531-83EE-9200804BE11E}.Ad-Hoc|iPhone.ActiveCfg = Release|Any CPU
		{F9A50E53-12A8-4531-83EE-9200804BE11E}.Ad-Hoc|iPhone.Build.0 = Release|Any CPU
		{F9A50E53-12A8-4531-83EE-9200804BE11E}.Ad-Hoc|iPhone.Deploy.0 = Release|Any CPU
		{F9A50E53-12A8-4531-83EE-9200804BE11E}.Ad-Hoc|iPhoneSimulator.ActiveCfg = Release|Any CPU
		{F9A50E53-12A8-4531-83EE-9200804BE11E}.Ad-Hoc|iPhoneSimulator.Build.0 = Release|Any CPU
		{F9A50E53-12A8-4531-83EE-9200804BE11E}.Ad-Hoc|iPhoneSimulator.Deploy.0 = Release|Any CPU
		{F9A50E53-12A8-4531-83EE-9200804BE11E}.AppStore|Any CPU.ActiveCfg = Release|Any CPU
		{F9A50E53-12A8-4531-83EE-9200804BE11E}.AppStore|Any CPU.Build.0 = Release|Any CPU
		{F9A50E53-12A8-4531-83EE-9200804BE11E}.AppStore|Any CPU.Deploy.0 = Release|Any CPU
		{F9A50E53-12A8-4531-83EE-9200804BE11E}.AppStore|iPhone.ActiveCfg = Release|Any CPU
		{F9A50E53-12A8-4531-83EE-9200804BE11E}.AppStore|iPhone.Build.0 = Release|Any CPU
		{F9A50E53-12A8-4531-83EE-9200804BE11E}.AppStore|iPhone.Deploy.0 = Release|Any CPU
		{F9A50E53-12A8-4531-83EE-9200804BE11E}.AppStore|iPhoneSimulator.ActiveCfg = Release|Any CPU
		{F9A50E53-12A8-4531-83EE-9200804BE11E}.AppStore|iPhoneSimulator.Build.0 = Release|Any CPU
		{F9A50E53-12A8-4531-83EE-9200804BE11E}.AppStore|iPhoneSimulator.Deploy.0 = Release|Any CPU
		{F9A50E53-12A8-4531-83EE-9200804BE11E}.Debug|Any CPU.ActiveCfg = Debug|Any CPU
		{F9A50E53-12A8-4531-83EE-9200804BE11E}.Debug|Any CPU.Build.0 = Debug|Any CPU
		{F9A50E53-12A8-4531-83EE-9200804BE11E}.Debug|Any CPU.Deploy.0 = Debug|Any CPU
		{F9A50E53-12A8-4531-83EE-9200804BE11E}.Debug|iPhone.ActiveCfg = Debug|Any CPU
		{F9A50E53-12A8-4531-83EE-9200804BE11E}.Debug|iPhone.Build.0 = Debug|Any CPU
		{F9A50E53-12A8-4531-83EE-9200804BE11E}.Debug|iPhone.Deploy.0 = Debug|Any CPU
		{F9A50E53-12A8-4531-83EE-9200804BE11E}.Debug|iPhoneSimulator.ActiveCfg = Debug|Any CPU
		{F9A50E53-12A8-4531-83EE-9200804BE11E}.Debug|iPhoneSimulator.Build.0 = Debug|Any CPU
		{F9A50E53-12A8-4531-83EE-9200804BE11E}.Debug|iPhoneSimulator.Deploy.0 = Debug|Any CPU
		{F9A50E53-12A8-4531-83EE-9200804BE11E}.Release|Any CPU.ActiveCfg = Release|Any CPU
		{F9A50E53-12A8-4531-83EE-9200804BE11E}.Release|Any CPU.Build.0 = Release|Any CPU
		{F9A50E53-12A8-4531-83EE-9200804BE11E}.Release|Any CPU.Deploy.0 = Release|Any CPU
		{F9A50E53-12A8-4531-83EE-9200804BE11E}.Release|iPhone.ActiveCfg = Release|Any CPU
		{F9A50E53-12A8-4531-83EE-9200804BE11E}.Release|iPhone.Build.0 = Release|Any CPU
		{F9A50E53-12A8-4531-83EE-9200804BE11E}.Release|iPhone.Deploy.0 = Release|Any CPU
		{F9A50E53-12A8-4531-83EE-9200804BE11E}.Release|iPhoneSimulator.ActiveCfg = Release|Any CPU
		{F9A50E53-12A8-4531-83EE-9200804BE11E}.Release|iPhoneSimulator.Build.0 = Release|Any CPU
		{F9A50E53-12A8-4531-83EE-9200804BE11E}.Release|iPhoneSimulator.Deploy.0 = Release|Any CPU
		{0E360812-DCE8-418A-BA26-D0C9CCD7F2DF}.Ad-Hoc|Any CPU.ActiveCfg = Ad-Hoc|iPhone
		{0E360812-DCE8-418A-BA26-D0C9CCD7F2DF}.Ad-Hoc|iPhone.ActiveCfg = Ad-Hoc|iPhone
		{0E360812-DCE8-418A-BA26-D0C9CCD7F2DF}.Ad-Hoc|iPhone.Build.0 = Ad-Hoc|iPhone
		{0E360812-DCE8-418A-BA26-D0C9CCD7F2DF}.Ad-Hoc|iPhoneSimulator.ActiveCfg = Ad-Hoc|iPhoneSimulator
		{0E360812-DCE8-418A-BA26-D0C9CCD7F2DF}.Ad-Hoc|iPhoneSimulator.Build.0 = Ad-Hoc|iPhoneSimulator
		{0E360812-DCE8-418A-BA26-D0C9CCD7F2DF}.AppStore|Any CPU.ActiveCfg = AppStore|iPhone
		{0E360812-DCE8-418A-BA26-D0C9CCD7F2DF}.AppStore|iPhone.ActiveCfg = AppStore|iPhone
		{0E360812-DCE8-418A-BA26-D0C9CCD7F2DF}.AppStore|iPhone.Build.0 = AppStore|iPhone
		{0E360812-DCE8-418A-BA26-D0C9CCD7F2DF}.AppStore|iPhoneSimulator.ActiveCfg = AppStore|iPhoneSimulator
		{0E360812-DCE8-418A-BA26-D0C9CCD7F2DF}.AppStore|iPhoneSimulator.Build.0 = AppStore|iPhoneSimulator
		{0E360812-DCE8-418A-BA26-D0C9CCD7F2DF}.Debug|Any CPU.ActiveCfg = Debug|iPhone
		{0E360812-DCE8-418A-BA26-D0C9CCD7F2DF}.Debug|iPhone.ActiveCfg = Debug|iPhone
		{0E360812-DCE8-418A-BA26-D0C9CCD7F2DF}.Debug|iPhone.Build.0 = Debug|iPhone
		{0E360812-DCE8-418A-BA26-D0C9CCD7F2DF}.Debug|iPhoneSimulator.ActiveCfg = Debug|iPhoneSimulator
		{0E360812-DCE8-418A-BA26-D0C9CCD7F2DF}.Debug|iPhoneSimulator.Build.0 = Debug|iPhoneSimulator
		{0E360812-DCE8-418A-BA26-D0C9CCD7F2DF}.Release|Any CPU.ActiveCfg = Release|iPhone
		{0E360812-DCE8-418A-BA26-D0C9CCD7F2DF}.Release|iPhone.ActiveCfg = Release|iPhone
		{0E360812-DCE8-418A-BA26-D0C9CCD7F2DF}.Release|iPhone.Build.0 = Release|iPhone
		{0E360812-DCE8-418A-BA26-D0C9CCD7F2DF}.Release|iPhoneSimulator.ActiveCfg = Release|iPhoneSimulator
		{0E360812-DCE8-418A-BA26-D0C9CCD7F2DF}.Release|iPhoneSimulator.Build.0 = Release|iPhoneSimulator
		{E5959827-F878-4835-9F6C-7E1F42152DE8}.Ad-Hoc|Any CPU.ActiveCfg = Debug|Any CPU
		{E5959827-F878-4835-9F6C-7E1F42152DE8}.Ad-Hoc|Any CPU.Build.0 = Debug|Any CPU
		{E5959827-F878-4835-9F6C-7E1F42152DE8}.Ad-Hoc|iPhone.ActiveCfg = Debug|Any CPU
		{E5959827-F878-4835-9F6C-7E1F42152DE8}.Ad-Hoc|iPhone.Build.0 = Debug|Any CPU
		{E5959827-F878-4835-9F6C-7E1F42152DE8}.Ad-Hoc|iPhoneSimulator.ActiveCfg = Debug|Any CPU
		{E5959827-F878-4835-9F6C-7E1F42152DE8}.Ad-Hoc|iPhoneSimulator.Build.0 = Debug|Any CPU
		{E5959827-F878-4835-9F6C-7E1F42152DE8}.AppStore|Any CPU.ActiveCfg = Debug|Any CPU
		{E5959827-F878-4835-9F6C-7E1F42152DE8}.AppStore|Any CPU.Build.0 = Debug|Any CPU
		{E5959827-F878-4835-9F6C-7E1F42152DE8}.AppStore|iPhone.ActiveCfg = Debug|Any CPU
		{E5959827-F878-4835-9F6C-7E1F42152DE8}.AppStore|iPhone.Build.0 = Debug|Any CPU
		{E5959827-F878-4835-9F6C-7E1F42152DE8}.AppStore|iPhoneSimulator.ActiveCfg = Debug|Any CPU
		{E5959827-F878-4835-9F6C-7E1F42152DE8}.AppStore|iPhoneSimulator.Build.0 = Debug|Any CPU
		{E5959827-F878-4835-9F6C-7E1F42152DE8}.Debug|Any CPU.ActiveCfg = Debug|Any CPU
		{E5959827-F878-4835-9F6C-7E1F42152DE8}.Debug|Any CPU.Build.0 = Debug|Any CPU
		{E5959827-F878-4835-9F6C-7E1F42152DE8}.Debug|iPhone.ActiveCfg = Debug|Any CPU
		{E5959827-F878-4835-9F6C-7E1F42152DE8}.Debug|iPhone.Build.0 = Debug|Any CPU
		{E5959827-F878-4835-9F6C-7E1F42152DE8}.Debug|iPhoneSimulator.ActiveCfg = Debug|Any CPU
		{E5959827-F878-4835-9F6C-7E1F42152DE8}.Debug|iPhoneSimulator.Build.0 = Debug|Any CPU
		{E5959827-F878-4835-9F6C-7E1F42152DE8}.Release|Any CPU.ActiveCfg = Release|Any CPU
		{E5959827-F878-4835-9F6C-7E1F42152DE8}.Release|Any CPU.Build.0 = Release|Any CPU
		{E5959827-F878-4835-9F6C-7E1F42152DE8}.Release|iPhone.ActiveCfg = Release|Any CPU
		{E5959827-F878-4835-9F6C-7E1F42152DE8}.Release|iPhone.Build.0 = Release|Any CPU
		{E5959827-F878-4835-9F6C-7E1F42152DE8}.Release|iPhoneSimulator.ActiveCfg = Release|Any CPU
		{E5959827-F878-4835-9F6C-7E1F42152DE8}.Release|iPhoneSimulator.Build.0 = Release|Any CPU
	EndGlobalSection
	GlobalSection(SolutionProperties) = preSolution
		HideSolutionNode = FALSE
	EndGlobalSection
	GlobalSection(ExtensibilityGlobals) = postSolution
		SolutionGuid = {E38C5918-2E2D-4477-B90E-E5DFE6BCBF1B}
	EndGlobalSection
EndGlobal
